
Microsoft Visual Studio Solution File, Format Version 12.00
Project("{FAE04EC0-301F-11D3-BF4B-00C04F79EFBC}") = "TravelersIO", "TravelersIO\TravelersIO.csproj", "{850063B6-2949-4C48-9C52-D69D89872C80}"
EndProject
Global
	GlobalSection(SolutionConfigurationPlatforms) = preSolution
		Debug|Any CPU = Debug|Any CPU
		Release|Any CPU = Release|Any CPU
	EndGlobalSection
	GlobalSection(ProjectConfigurationPlatforms) = postSolution
		{850063B6-2949-4C48-9C52-D69D89872C80}.Debug|Any CPU.ActiveCfg = Debug|Any CPU
		{850063B6-2949-4C48-9C52-D69D89872C80}.Debug|Any CPU.Build.0 = Debug|Any CPU
		{850063B6-2949-4C48-9C52-D69D89872C80}.Release|Any CPU.ActiveCfg = Release|Any CPU
		{850063B6-2949-4C48-9C52-D69D89872C80}.Release|Any CPU.Build.0 = Release|Any CPU
	EndGlobalSection
EndGlobal
